// !$*UTF8*$!
{
	archiveVersion = 1;
	classes = {
	};
	objectVersion = 46;
	objects = {

/* Begin PBXBuildFile section */
		6492F7B61F1355E300EA324A /* JXWebFile.h in Headers */ = {isa = PBXBuildFile; fileRef = 6492F7B51F1355E300EA324A /* JXWebFile.h */; };
		6492F7B81F1355E300EA324A /* JXWebFile.m in Sources */ = {isa = PBXBuildFile; fileRef = 6492F7B71F1355E300EA324A /* JXWebFile.m */; };
/* End PBXBuildFile section */

/* Begin PBXFileReference section */
		6492F7B21F1355E300EA324A /* libJXWebFile.dylib */ = {isa = PBXFileReference; explicitFileType = "compiled.mach-o.dylib"; includeInIndex = 0; path = libJXWebFile.dylib; sourceTree = BUILT_PRODUCTS_DIR; };
		6492F7B51F1355E300EA324A /* JXWebFile.h */ = {isa = PBXFileReference; lastKnownFileType = sourcecode.c.h; path = JXWebFile.h; sourceTree = "<group>"; };
		6492F7B71F1355E300EA324A /* JXWebFile.m */ = {isa = PBXFileReference; lastKnownFileType = sourcecode.c.objc; path = JXWebFile.m; sourceTree = "<group>"; };
/* End PBXFileReference section */

/* Begin PBXFrameworksBuildPhase section */
		6492F7AF1F1355E300EA324A /* Frameworks */ = {
			isa = PBXFrameworksBuildPhase;
			buildActionMask = 2147483647;
			files = (
			);
			runOnlyForDeploymentPostprocessing = 0;
		};
/* End PBXFrameworksBuildPhase section */

/* Begin PBXGroup section */
		6492F7A91F1355E300EA324A = {
			isa = PBXGroup;
			children = (
				6492F7B41F1355E300EA324A /* JXWebFile */,
				6492F7B31F1355E300EA324A /* Products */,
			);
			sourceTree = "<group>";
		};
		6492F7B31F1355E300EA324A /* Products */ = {
			isa = PBXGroup;
			children = (
				6492F7B21F1355E300EA324A /* libJXWebFile.dylib */,
			);
			name = Products;
			sourceTree = "<group>";
		};
		6492F7B41F1355E300EA324A /* JXWebFile */ = {
			isa = PBXGroup;
			children = (
				6492F7B51F1355E300EA324A /* JXWebFile.h */,
				6492F7B71F1355E300EA324A /* JXWebFile.m */,
			);
			path = JXWebFile;
			sourceTree = "<group>";
		};
/* End PBXGroup section */

/* Begin PBXHeadersBuildPhase section */
		6492F7B01F1355E300EA324A /* Headers */ = {
			isa = PBXHeadersBuildPhase;
			buildActionMask = 2147483647;
			files = (
				6492F7B61F1355E300EA324A /* JXWebFile.h in Headers */,
			);
			runOnlyForDeploymentPostprocessing = 0;
		};
/* End PBXHeadersBuildPhase section */

/* Begin PBXNativeTarget section */
		6492F7B11F1355E300EA324A /* JXWebFile */ = {
			isa = PBXNativeTarget;
			buildConfigurationList = 6492F7BB1F1355E300EA324A /* Build configuration list for PBXNativeTarget "JXWebFile" */;
			buildPhases = (
				6492F7AE1F1355E300EA324A /* Sources */,
				6492F7AF1F1355E300EA324A /* Frameworks */,
				6492F7B01F1355E300EA324A /* Headers */,
			);
			buildRules = (
			);
			dependencies = (
			);
			name = JXWebFile;
			productName = JXWebFile;
			productReference = 6492F7B21F1355E300EA324A /* libJXWebFile.dylib */;
			productType = "com.apple.product-type.library.dynamic";
		};
/* End PBXNativeTarget section */

/* Begin PBXProject section */
		6492F7AA1F1355E300EA324A /* Project object */ = {
			isa = PBXProject;
			attributes = {
				LastUpgradeCheck = 0810;
				ORGANIZATIONNAME = zjx;
				TargetAttributes = {
					6492F7B11F1355E300EA324A = {
						CreatedOnToolsVersion = 8.1;
						DevelopmentTeam = 3UBA29BW8P;
						ProvisioningStyle = Automatic;
					};
				};
			};
			buildConfigurationList = 6492F7AD1F1355E300EA324A /* Build configuration list for PBXProject "JXWebFile" */;
			compatibilityVersion = "Xcode 3.2";
			developmentRegion = English;
			hasScannedForEncodings = 0;
			knownRegions = (
				en,
			);
			mainGroup = 6492F7A91F1355E300EA324A;
			productRefGroup = 6492F7B31F1355E300EA324A /* Products */;
			projectDirPath = "";
			projectRoot = "";
			targets = (
				6492F7B11F1355E300EA324A /* JXWebFile */,
			);
		};
/* End PBXProject section */

/* Begin PBXSourcesBuildPhase section */
		6492F7AE1F1355E300EA324A /* Sources */ = {
			isa = PBXSourcesBuildPhase;
			buildActionMask = 2147483647;
			files = (
				6492F7B81F1355E300EA324A /* JXWebFile.m in Sources */,
			);
			runOnlyForDeploymentPostprocessing = 0;
		};
/* End PBXSourcesBuildPhase section */

/* Begin XCBuildConfiguration section */
		6492F7B91F1355E300EA324A /* Debug */ = {
			isa = XCBuildConfiguration;
			buildSettings = {
				ALWAYS_SEARCH_USER_PATHS = NO;
				CLANG_ANALYZER_NONNULL = YES;
				CLANG_CXX_LANGUAGE_STANDARD = "gnu++0x";
				CLANG_CXX_LIBRARY = "libc++";
				CLANG_ENABLE_MODULES = YES;
				CLANG_ENABLE_OBJC_ARC = YES;
				CLANG_WARN_BOOL_CONVERSION = YES;
				CLANG_WARN_CONSTANT_CONVERSION = YES;
				CLANG_WARN_DIRECT_OBJC_ISA_USAGE = YES_ERROR;
				CLANG_WARN_DOCUMENTATION_COMMENTS = YES;
				CLANG_WARN_EMPTY_BODY = YES;
				CLANG_WARN_ENUM_CONVERSION = YES;
				CLANG_WARN_INFINITE_RECURSION = YES;
				CLANG_WARN_INT_CONVERSION = YES;
				CLANG_WARN_OBJC_ROOT_CLASS = YES_ERROR;
				CLANG_WARN_SUSPICIOUS_MOVES = YES;
				CLANG_WARN_UNREACHABLE_CODE = YES;
				CLANG_WARN__DUPLICATE_METHOD_MATCH = YES;
				CODE_SIGN_IDENTITY = "-";
				COPY_PHASE_STRIP = NO;
				DEBUG_INFORMATION_FORMAT = dwarf;
				ENABLE_STRICT_OBJC_MSGSEND = YES;
				ENABLE_TESTABILITY = YES;
				GCC_C_LANGUAGE_STANDARD = gnu99;
				GCC_DYNAMIC_NO_PIC = NO;
				GCC_NO_COMMON_BLOCKS = YES;
				GCC_OPTIMIZATION_LEVEL = 0;
				GCC_PREPROCESSOR_DEFINITIONS = (
					"DEBUG=1",
					"$(inherited)",
				);
				GCC_WARN_64_TO_32_BIT_CONVERSION = YES;
				GCC_WARN_ABOUT_RETURN_TYPE = YES_ERROR;
				GCC_WARN_UNDECLARED_SELECTOR = YES;
				GCC_WARN_UNINITIALIZED_AUTOS = YES_AGGRESSIVE;
				GCC_WARN_UNUSED_FUNCTION = YES;
				GCC_WARN_UNUSED_VARIABLE = YES;
				MACOSX_DEPLOYMENT_TARGET = 10.12;
				MTL_ENABLE_DEBUG_INFO = YES;
				ONLY_ACTIVE_ARCH = YES;
				SDKROOT = macosx;
			};
			name = Debug;
		};
		6492F7BA1F1355E300EA324A /* Release */ = {
			isa = XCBuildConfiguration;
			buildSettings = {
				ALWAYS_SEARCH_USER_PATHS = NO;
				CLANG_ANALYZER_NONNULL = YES;
				CLANG_CXX_LANGUAGE_STANDARD = "gnu++0x";
				CLANG_CXX_LIBRARY = "libc++";
				CLANG_ENABLE_MODULES = YES;
				CLANG_ENABLE_OBJC_ARC = YES;
				CLANG_WARN_BOOL_CONVERSION = YES;
				CLANG_WARN_CONSTANT_CONVERSION = YES;
				CLANG_WARN_DIRECT_OBJC_ISA_USAGE = YES_ERROR;
				CLANG_WARN_DOCUMENTATION_COMMENTS = YES;
				CLANG_WARN_EMPTY_BODY = YES;
				CLANG_WARN_ENUM_CONVERSION = YES;
				CLANG_WARN_INFINITE_RECURSION = YES;
				CLANG_WARN_INT_CONVERSION = YES;
				CLANG_WARN_OBJC_ROOT_CLASS = YES_ERROR;
				CLANG_WARN_SUSPICIOUS_MOVES = YES;
				CLANG_WARN_UNREACHABLE_CODE = YES;
				CLANG_WARN__DUPLICATE_METHOD_MATCH = YES;
				CODE_SIGN_IDENTITY = "-";
				COPY_PHASE_STRIP = NO;
				DEBUG_INFORMATION_FORMAT = "dwarf-with-dsym";
				ENABLE_NS_ASSERTIONS = NO;
				ENABLE_STRICT_OBJC_MSGSEND = YES;
				GCC_C_LANGUAGE_STANDARD = gnu99;
				GCC_NO_COMMON_BLOCKS = YES;
				GCC_WARN_64_TO_32_BIT_CONVERSION = YES;
				GCC_WARN_ABOUT_RETURN_TYPE = YES_ERROR;
				GCC_WARN_UNDECLARED_SELECTOR = YES;
				GCC_WARN_UNINITIALIZED_AUTOS = YES_AGGRESSIVE;
				GCC_WARN_UNUSED_FUNCTION = YES;
				GCC_WARN_UNUSED_VARIABLE = YES;
				MACOSX_DEPLOYMENT_TARGET = 10.12;
				MTL_ENABLE_DEBUG_INFO = NO;
				SDKROOT = macosx;
			};
			name = Release;
		};
		6492F7BC1F1355E300EA324A /* Debug */ = {
			isa = XCBuildConfiguration;
			buildSettings = {
				DEVELOPMENT_TEAM = 3UBA29BW8P;
				DYLIB_COMPATIBILITY_VERSION = 1;
				DYLIB_CURRENT_VERSION = 1;
				EXECUTABLE_PREFIX = lib;
				PRODUCT_NAME = "$(TARGET_NAME)";
			};
			name = Debug;
		};
		6492F7BD1F1355E300EA324A /* Release */ = {
			isa = XCBuildConfiguration;
			buildSettings = {
				DEVELOPMENT_TEAM = 3UBA29BW8P;
				DYLIB_COMPATIBILITY_VERSION = 1;
				DYLIB_CURRENT_VERSION = 1;
				EXECUTABLE_PREFIX = lib;
				PRODUCT_NAME = "$(TARGET_NAME)";
			};
			name = Release;
		};
/* End XCBuildConfiguration section */

/* Begin XCConfigurationList section */
		6492F7AD1F1355E300EA324A /* Build configuration list for PBXProject "JXWebFile" */ = {
			isa = XCConfigurationList;
			buildConfigurations = (
				6492F7B91F1355E300EA324A /* Debug */,
				6492F7BA1F1355E300EA324A /* Release */,
			);
			defaultConfigurationIsVisible = 0;
			defaultConfigurationName = Release;
		};
		6492F7BB1F1355E300EA324A /* Build configuration list for PBXNativeTarget "JXWebFile" */ = {
			isa = XCConfigurationList;
			buildConfigurations = (
				6492F7BC1F1355E300EA324A /* Debug */,
				6492F7BD1F1355E300EA324A /* Release */,
			);
			defaultConfigurationIsVisible = 0;
		};
/* End XCConfigurationList section */
	};
	rootObject = 6492F7AA1F1355E300EA324A /* Project object */;
}
